
Microsoft Visual Studio Solution File, Format Version 12.00
# Visual Studio Version 17
VisualStudioVersion = 17.5.33414.496
MinimumVisualStudioVersion = 10.0.40219.1
Project("{888888A0-9F3D-457C-B088-3A5042F75D52}") = "PyGame", "PyGame.pyproj", "{A81876FA-C07C-41E1-A66D-DAE8A71E7086}"
EndProject
Global
	GlobalSection(SolutionConfigurationPlatforms) = preSolution
		Debug|Any CPU = Debug|Any CPU
		Release|Any CPU = Release|Any CPU
	EndGlobalSection
	GlobalSection(ProjectConfigurationPlatforms) = postSolution
		{A81876FA-C07C-41E1-A66D-DAE8A71E7086}.Debug|Any CPU.ActiveCfg = Debug|Any CPU
		{A81876FA-C07C-41E1-A66D-DAE8A71E7086}.Release|Any CPU.ActiveCfg = Release|Any CPU
	EndGlobalSection
	GlobalSection(SolutionProperties) = preSolution
		HideSolutionNode = FALSE
	EndGlobalSection
	GlobalSection(ExtensibilityGlobals) = postSolution
		SolutionGuid = {2179511B-9651-4616-A1FF-A7B7098F7D7F}
	EndGlobalSection
EndGlobal
